
Microsoft Visual Studio Solution File, Format Version 12.00
# Visual Studio 15
VisualStudioVersion = 15.0.28307.572
MinimumVisualStudioVersion = 10.0.40219.1
Project("{FAE04EC0-301F-11D3-BF4B-00C04F79EFBC}") = "AddingInGroupPermissionsToAspNetProject", "AddingInGroupPermissionsToAspNetProject\AddingInGroupPermissionsToAspNetProject.csproj", "{9CA5FE6D-A8CB-4615-81C0-6881E0FEF3FD}"
EndProject
Global
	GlobalSection(SolutionConfigurationPlatforms) = preSolution
		Debug|Any CPU = Debug|Any CPU
		Release|Any CPU = Release|Any CPU
	EndGlobalSection
	GlobalSection(ProjectConfigurationPlatforms) = postSolution
		{9CA5FE6D-A8CB-4615-81C0-6881E0FEF3FD}.Debug|Any CPU.ActiveCfg = Debug|Any CPU
		{9CA5FE6D-A8CB-4615-81C0-6881E0FEF3FD}.Debug|Any CPU.Build.0 = Debug|Any CPU
		{9CA5FE6D-A8CB-4615-81C0-6881E0FEF3FD}.Release|Any CPU.ActiveCfg = Release|Any CPU
		{9CA5FE6D-A8CB-4615-81C0-6881E0FEF3FD}.Release|Any CPU.Build.0 = Release|Any CPU
	EndGlobalSection
	GlobalSection(SolutionProperties) = preSolution
		HideSolutionNode = FALSE
	EndGlobalSection
	GlobalSection(ExtensibilityGlobals) = postSolution
		SolutionGuid = {98C31725-7EFE-4033-9D7D-70F731472135}
	EndGlobalSection
EndGlobal
